{
  "name": "runtime",
  "version": "1.0.0",
  "lockfileVersion": 3,
  "requires": true,
  "packages": {
    "": {
      "name": "runtime",
      "version": "1.0.0",
      "license": "ISC",
      "dependencies": {
        "answer-formatter": "^0.1.0-beta.5"
      }
    },
    "node_modules/answer-formatter": {
      "version": "0.1.0-beta.5",
      "resolved": "https://registry.npmjs.org/answer-formatter/-/answer-formatter-0.1.0-beta.5.tgz",
      "integrity": "sha512-iqW/QqHgnKZaMJHnQQWsEcZFw+j44J66/BdpRW9PVF29bZ0CSWvDV7ljfNmBgsC3ShzEVy/X4XDaadUskyed1w==",
      "dependencies": {
        "string-form-utils": "^0.1.0"
      },
      "engines": {
        "node": "16.17.0"
      }
    },
    "node_modules/string-form-utils": {
      "version": "0.1.0",
      "resolved": "https://registry.npmjs.org/string-form-utils/-/string-form-utils-0.1.0.tgz",
      "integrity": "sha512-ukVJ4dD4AZPtpQPhUnFGa6DO14DXGwsYzE4Hbtg91HrKB84R5OXI9MPf4KEbUR5dC7ww3EQ25H9h5MzMap5yeQ==",
      "license": "MIT"
    }
  }
}
